{
  "lockfileVersion": 1,
  "configVersion": 1,
  "workspaces": {
    "": {
      "name": "serverless-rolldown",
      "devDependencies": {
        "@biomejs/biome": "2.4.8",
        "@types/bun": "latest",
      },
      "peerDependencies": {
        "rolldown": "^1.0.0-rc.10",
        "typescript": "^5",
      },
    },
  },
  "packages": {
    "@biomejs/biome": ["@biomejs/biome@2.4.8", "", { "optionalDependencies": { "@biomejs/cli-darwin-arm64": "2.4.8", "@biomejs/cli-darwin-x64": "2.4.8", "@biomejs/cli-linux-arm64": "2.4.8", "@biomejs/cli-linux-arm64-musl": "2.4.8", "@biomejs/cli-linux-x64": "2.4.8", "@biomejs/cli-linux-x64-musl": "2.4.8", "@biomejs/cli-win32-arm64": "2.4.8", "@biomejs/cli-win32-x64": "2.4.8" }, "bin": { "biome": "bin/biome" } }, "sha512-ponn0oKOky1oRXBV+rlSaUlixUxf1aZvWC19Z41zBfUOUesthrQqL3OtiAlSB1EjFjyWpn98Q64DHelhA6jNlA=="],

    "@biomejs/cli-darwin-arm64": ["@biomejs/cli-darwin-arm64@2.4.8", "", { "os": "darwin", "cpu": "arm64" }, "sha512-ARx0tECE8I7S2C2yjnWYLNbBdDoPdq3oyNLhMglmuctThwUsuzFWRKrHmIGwIRWKz0Mat9DuzLEDp52hGnrxGQ=="],

    "@biomejs/cli-darwin-x64": ["@biomejs/cli-darwin-x64@2.4.8", "", { "os": "darwin", "cpu": "x64" }, "sha512-Jg9/PsB9vDCJlANE8uhG7qDhb5w0Ix69D7XIIc8IfZPUoiPrbLm33k2Ig3NOJ/7nb3UbesFz3D1aDKm9DvzjhQ=="],

    "@biomejs/cli-linux-arm64": ["@biomejs/cli-linux-arm64@2.4.8", "", { "os": "linux", "cpu": "arm64" }, "sha512-5CdrsJct76XG2hpKFwXnEtlT1p+4g4yV+XvvwBpzKsTNLO9c6iLlAxwcae2BJ7ekPGWjNGw9j09T5KGPKKxQig=="],

    "@biomejs/cli-linux-arm64-musl": ["@biomejs/cli-linux-arm64-musl@2.4.8", "", { "os": "linux", "cpu": "arm64" }, "sha512-Zo9OhBQDJ3IBGPlqHiTISloo5H0+FBIpemqIJdW/0edJ+gEcLR+MZeZozcUyz3o1nXkVA7++DdRKQT0599j9jA=="],

    "@biomejs/cli-linux-x64": ["@biomejs/cli-linux-x64@2.4.8", "", { "os": "linux", "cpu": "x64" }, "sha512-PdKXspVEaMCQLjtZCn6vfSck/li4KX9KGwSDbZdgIqlrizJ2MnMcE3TvHa2tVfXNmbjMikzcfJpuPWH695yJrw=="],

    "@biomejs/cli-linux-x64-musl": ["@biomejs/cli-linux-x64-musl@2.4.8", "", { "os": "linux", "cpu": "x64" }, "sha512-Gi8quv8MEuDdKaPFtS2XjEnMqODPsRg6POT6KhoP+VrkNb+T2ywunVB+TvOU0LX1jAZzfBr+3V1mIbBhzAMKvw=="],

    "@biomejs/cli-win32-arm64": ["@biomejs/cli-win32-arm64@2.4.8", "", { "os": "win32", "cpu": "arm64" }, "sha512-LoFatS0tnHv6KkCVpIy3qZCih+MxUMvdYiPWLHRri7mhi2vyOOs8OrbZBcLTUEWCS+ktO72nZMy4F96oMhkOHQ=="],

    "@biomejs/cli-win32-x64": ["@biomejs/cli-win32-x64@2.4.8", "", { "os": "win32", "cpu": "x64" }, "sha512-vAn7iXDoUbqFXqVocuq1sMYAd33p8+mmurqJkWl6CtIhobd/O6moe4rY5AJvzbunn/qZCdiDVcveqtkFh1e7Hg=="],

    "@emnapi/core": ["@emnapi/core@1.9.1", "", { "dependencies": { "@emnapi/wasi-threads": "1.2.0", "tslib": "^2.4.0" } }, "sha512-mukuNALVsoix/w1BJwFzwXBN/dHeejQtuVzcDsfOEsdpCumXb/E9j8w11h5S54tT1xhifGfbbSm/ICrObRb3KA=="],

    "@emnapi/runtime": ["@emnapi/runtime@1.9.1", "", { "dependencies": { "tslib": "^2.4.0" } }, "sha512-VYi5+ZVLhpgK4hQ0TAjiQiZ6ol0oe4mBx7mVv7IflsiEp0OWoVsp/+f9Vc1hOhE0TtkORVrI1GvzyreqpgWtkA=="],

    "@emnapi/wasi-threads": ["@emnapi/wasi-threads@1.2.0", "", { "dependencies": { "tslib": "^2.4.0" } }, "sha512-N10dEJNSsUx41Z6pZsXU8FjPjpBEplgH24sfkmITrBED1/U2Esum9F3lfLrMjKHHjmi557zQn7kR9R+XWXu5Rg=="],

    "@napi-rs/wasm-runtime": ["@napi-rs/wasm-runtime@1.1.1", "", { "dependencies": { "@emnapi/core": "^1.7.1", "@emnapi/runtime": "^1.7.1", "@tybys/wasm-util": "^0.10.1" } }, "sha512-p64ah1M1ld8xjWv3qbvFwHiFVWrq1yFvV4f7w+mzaqiR4IlSgkqhcRdHwsGgomwzBH51sRY4NEowLxnaBjcW/A=="],

    "@oxc-project/types": ["@oxc-project/types@0.120.0", "", {}, "sha512-k1YNu55DuvAip/MGE1FTsIuU3FUCn6v/ujG9V7Nq5Df/kX2CWb13hhwD0lmJGMGqE+bE1MXvv9SZVnMzEXlWcg=="],

    "@rolldown/binding-android-arm64": ["@rolldown/binding-android-arm64@1.0.0-rc.10", "", { "os": "android", "cpu": "arm64" }, "sha512-jOHxwXhxmFKuXztiu1ORieJeTbx5vrTkcOkkkn2d35726+iwhrY1w/+nYY/AGgF12thg33qC3R1LMBF5tHTZHg=="],

    "@rolldown/binding-darwin-arm64": ["@rolldown/binding-darwin-arm64@1.0.0-rc.10", "", { "os": "darwin", "cpu": "arm64" }, "sha512-gED05Teg/vtTZbIJBc4VNMAxAFDUPkuO/rAIyyxZjTj1a1/s6z5TII/5yMGZ0uLRCifEtwUQn8OlYzuYc0m70w=="],

    "@rolldown/binding-darwin-x64": ["@rolldown/binding-darwin-x64@1.0.0-rc.10", "", { "os": "darwin", "cpu": "x64" }, "sha512-rI15NcM1mA48lqrIxVkHfAqcyFLcQwyXWThy+BQ5+mkKKPvSO26ir+ZDp36AgYoYVkqvMcdS8zOE6SeBsR9e8A=="],

    "@rolldown/binding-freebsd-x64": ["@rolldown/binding-freebsd-x64@1.0.0-rc.10", "", { "os": "freebsd", "cpu": "x64" }, "sha512-XZRXHdTa+4ME1MuDVp021+doQ+z6Ei4CCFmNc5/sKbqb8YmkiJdj8QKlV3rCI0AJtAeSB5n0WGPuJWNL9p/L2w=="],

    "@rolldown/binding-linux-arm-gnueabihf": ["@rolldown/binding-linux-arm-gnueabihf@1.0.0-rc.10", "", { "os": "linux", "cpu": "arm" }, "sha512-R0SQMRluISSLzFE20sPWYHVmJdDQnRyc/FzSCN72BqQmh2SOZUFG+N3/vBZpR4C6WpEUVYJLrYUXaj43sJsNLA=="],

    "@rolldown/binding-linux-arm64-gnu": ["@rolldown/binding-linux-arm64-gnu@1.0.0-rc.10", "", { "os": "linux", "cpu": "arm64" }, "sha512-Y1reMrV/o+cwpduYhJuOE3OMKx32RMYCidf14y+HssARRmhDuWXJ4yVguDg2R/8SyyGNo+auzz64LnPK9Hq6jg=="],

    "@rolldown/binding-linux-arm64-musl": ["@rolldown/binding-linux-arm64-musl@1.0.0-rc.10", "", { "os": "linux", "cpu": "arm64" }, "sha512-vELN+HNb2IzuzSBUOD4NHmP9yrGwl1DVM29wlQvx1OLSclL0NgVWnVDKl/8tEks79EFek/kebQKnNJkIAA4W2g=="],

    "@rolldown/binding-linux-ppc64-gnu": ["@rolldown/binding-linux-ppc64-gnu@1.0.0-rc.10", "", { "os": "linux", "cpu": "ppc64" }, "sha512-ZqrufYTgzxbHwpqOjzSsb0UV/aV2TFIY5rP8HdsiPTv/CuAgCRjM6s9cYFwQ4CNH+hf9Y4erHW1GjZuZ7WoI7w=="],

    "@rolldown/binding-linux-s390x-gnu": ["@rolldown/binding-linux-s390x-gnu@1.0.0-rc.10", "", { "os": "linux", "cpu": "s390x" }, "sha512-gSlmVS1FZJSRicA6IyjoRoKAFK7IIHBs7xJuHRSmjImqk3mPPWbR7RhbnfH2G6bcmMEllCt2vQ/7u9e6bBnByg=="],

    "@rolldown/binding-linux-x64-gnu": ["@rolldown/binding-linux-x64-gnu@1.0.0-rc.10", "", { "os": "linux", "cpu": "x64" }, "sha512-eOCKUpluKgfObT2pHjztnaWEIbUabWzk3qPZ5PuacuPmr4+JtQG4k2vGTY0H15edaTnicgU428XW/IH6AimcQw=="],

    "@rolldown/binding-linux-x64-musl": ["@rolldown/binding-linux-x64-musl@1.0.0-rc.10", "", { "os": "linux", "cpu": "x64" }, "sha512-Xdf2jQbfQowJnLcgYfD/m0Uu0Qj5OdxKallD78/IPPfzaiaI4KRAwZzHcKQ4ig1gtg1SuzC7jovNiM2TzQsBXA=="],

    "@rolldown/binding-openharmony-arm64": ["@rolldown/binding-openharmony-arm64@1.0.0-rc.10", "", { "os": "none", "cpu": "arm64" }, "sha512-o1hYe8hLi1EY6jgPFyxQgQ1wcycX+qz8eEbVmot2hFkgUzPxy9+kF0u0NIQBeDq+Mko47AkaFFaChcvZa9UX9Q=="],

    "@rolldown/binding-wasm32-wasi": ["@rolldown/binding-wasm32-wasi@1.0.0-rc.10", "", { "dependencies": { "@napi-rs/wasm-runtime": "^1.1.1" }, "cpu": "none" }, "sha512-Ugv9o7qYJudqQO5Y5y2N2SOo6S4WiqiNOpuQyoPInnhVzCY+wi/GHltcLHypG9DEUYMB0iTB/huJrpadiAcNcA=="],

    "@rolldown/binding-win32-arm64-msvc": ["@rolldown/binding-win32-arm64-msvc@1.0.0-rc.10", "", { "os": "win32", "cpu": "arm64" }, "sha512-7UODQb4fQUNT/vmgDZBl3XOBAIOutP5R3O/rkxg0aLfEGQ4opbCgU5vOw/scPe4xOqBwL9fw7/RP1vAMZ6QlAQ=="],

    "@rolldown/binding-win32-x64-msvc": ["@rolldown/binding-win32-x64-msvc@1.0.0-rc.10", "", { "os": "win32", "cpu": "x64" }, "sha512-PYxKHMVHOb5NJuDL53vBUl1VwUjymDcYI6rzpIni0C9+9mTiJedvUxSk7/RPp7OOAm3v+EjgMu9bIy3N6b408w=="],

    "@rolldown/pluginutils": ["@rolldown/pluginutils@1.0.0-rc.10", "", {}, "sha512-UkVDEFk1w3mveXeKgaTuYfKWtPbvgck1dT8TUG3bnccrH0XtLTuAyfCoks4Q/M5ZGToSVJTIQYCzy2g/atAOeg=="],

    "@tybys/wasm-util": ["@tybys/wasm-util@0.10.1", "", { "dependencies": { "tslib": "^2.4.0" } }, "sha512-9tTaPJLSiejZKx+Bmog4uSubteqTvFrVrURwkmHixBo0G4seD0zUxp98E1DzUBJxLQ3NPwXrGKDiVjwx/DpPsg=="],

    "@types/bun": ["@types/bun@1.3.11", "", { "dependencies": { "bun-types": "1.3.11" } }, "sha512-5vPne5QvtpjGpsGYXiFyycfpDF2ECyPcTSsFBMa0fraoxiQyMJ3SmuQIGhzPg2WJuWxVBoxWJ2kClYTcw/4fAg=="],

    "@types/node": ["@types/node@25.5.0", "", { "dependencies": { "undici-types": "~7.18.0" } }, "sha512-jp2P3tQMSxWugkCUKLRPVUpGaL5MVFwF8RDuSRztfwgN1wmqJeMSbKlnEtQqU8UrhTmzEmZdu2I6v2dpp7XIxw=="],

    "bun-types": ["bun-types@1.3.11", "", { "dependencies": { "@types/node": "*" } }, "sha512-1KGPpoxQWl9f6wcZh57LvrPIInQMn2TQ7jsgxqpRzg+l0QPOFvJVH7HmvHo/AiPgwXy+/Thf6Ov3EdVn1vOabg=="],

    "rolldown": ["rolldown@1.0.0-rc.10", "", { "dependencies": { "@oxc-project/types": "=0.120.0", "@rolldown/pluginutils": "1.0.0-rc.10" }, "optionalDependencies": { "@rolldown/binding-android-arm64": "1.0.0-rc.10", "@rolldown/binding-darwin-arm64": "1.0.0-rc.10", "@rolldown/binding-darwin-x64": "1.0.0-rc.10", "@rolldown/binding-freebsd-x64": "1.0.0-rc.10", "@rolldown/binding-linux-arm-gnueabihf": "1.0.0-rc.10", "@rolldown/binding-linux-arm64-gnu": "1.0.0-rc.10", "@rolldown/binding-linux-arm64-musl": "1.0.0-rc.10", "@rolldown/binding-linux-ppc64-gnu": "1.0.0-rc.10", "@rolldown/binding-linux-s390x-gnu": "1.0.0-rc.10", "@rolldown/binding-linux-x64-gnu": "1.0.0-rc.10", "@rolldown/binding-linux-x64-musl": "1.0.0-rc.10", "@rolldown/binding-openharmony-arm64": "1.0.0-rc.10", "@rolldown/binding-wasm32-wasi": "1.0.0-rc.10", "@rolldown/binding-win32-arm64-msvc": "1.0.0-rc.10", "@rolldown/binding-win32-x64-msvc": "1.0.0-rc.10" }, "bin": { "rolldown": "bin/cli.mjs" } }, "sha512-q7j6vvarRFmKpgJUT8HCAUljkgzEp4LAhPlJUvQhA5LA1SUL36s5QCysMutErzL3EbNOZOkoziSx9iZC4FddKA=="],

    "tslib": ["tslib@2.8.1", "", {}, "sha512-oJFu94HQb+KVduSUQL7wnpmqnfmLsOA/nAh6b6EH0wCEoK0/mPeXU6c3wKDV83MkOuHPRHtSXKKU99IBazS/2w=="],

    "typescript": ["typescript@5.9.3", "", { "bin": { "tsc": "bin/tsc", "tsserver": "bin/tsserver" } }, "sha512-jl1vZzPDinLr9eUt3J/t7V6FgNEw9QjvBPdysz9KfQDD41fQrC2Y4vKQdiaUpFT4bXlb1RHhLpp8wtm6M5TgSw=="],

    "undici-types": ["undici-types@7.18.2", "", {}, "sha512-AsuCzffGHJybSaRrmr5eHr81mwJU3kjw6M+uprWvCXiNeN9SOGwQ3Jn8jb8m3Z6izVgknn1R0FTCEAP2QrLY/w=="],
  }
}
