{
  "lockfileVersion": 1,
  "configVersion": 1,
  "workspaces": {
    "": {
      "name": "serverless-rolldown",
      "devDependencies": {
        "@biomejs/biome": "2.4.8",
        "@types/bun": "latest",
      },
      "peerDependencies": {
        "rolldown": "^1.0.0-rc.10",
        "serverless": "^4",
        "typescript": "^5",
      },
    },
  },
  "packages": {
    "@biomejs/biome": ["@biomejs/biome@2.4.8", "", { "optionalDependencies": { "@biomejs/cli-darwin-arm64": "2.4.8", "@biomejs/cli-darwin-x64": "2.4.8", "@biomejs/cli-linux-arm64": "2.4.8", "@biomejs/cli-linux-arm64-musl": "2.4.8", "@biomejs/cli-linux-x64": "2.4.8", "@biomejs/cli-linux-x64-musl": "2.4.8", "@biomejs/cli-win32-arm64": "2.4.8", "@biomejs/cli-win32-x64": "2.4.8" }, "bin": { "biome": "bin/biome" } }, "sha512-ponn0oKOky1oRXBV+rlSaUlixUxf1aZvWC19Z41zBfUOUesthrQqL3OtiAlSB1EjFjyWpn98Q64DHelhA6jNlA=="],

    "@biomejs/cli-darwin-arm64": ["@biomejs/cli-darwin-arm64@2.4.8", "", { "os": "darwin", "cpu": "arm64" }, "sha512-ARx0tECE8I7S2C2yjnWYLNbBdDoPdq3oyNLhMglmuctThwUsuzFWRKrHmIGwIRWKz0Mat9DuzLEDp52hGnrxGQ=="],

    "@biomejs/cli-darwin-x64": ["@biomejs/cli-darwin-x64@2.4.8", "", { "os": "darwin", "cpu": "x64" }, "sha512-Jg9/PsB9vDCJlANE8uhG7qDhb5w0Ix69D7XIIc8IfZPUoiPrbLm33k2Ig3NOJ/7nb3UbesFz3D1aDKm9DvzjhQ=="],

    "@biomejs/cli-linux-arm64": ["@biomejs/cli-linux-arm64@2.4.8", "", { "os": "linux", "cpu": "arm64" }, "sha512-5CdrsJct76XG2hpKFwXnEtlT1p+4g4yV+XvvwBpzKsTNLO9c6iLlAxwcae2BJ7ekPGWjNGw9j09T5KGPKKxQig=="],

    "@biomejs/cli-linux-arm64-musl": ["@biomejs/cli-linux-arm64-musl@2.4.8", "", { "os": "linux", "cpu": "arm64" }, "sha512-Zo9OhBQDJ3IBGPlqHiTISloo5H0+FBIpemqIJdW/0edJ+gEcLR+MZeZozcUyz3o1nXkVA7++DdRKQT0599j9jA=="],

    "@biomejs/cli-linux-x64": ["@biomejs/cli-linux-x64@2.4.8", "", { "os": "linux", "cpu": "x64" }, "sha512-PdKXspVEaMCQLjtZCn6vfSck/li4KX9KGwSDbZdgIqlrizJ2MnMcE3TvHa2tVfXNmbjMikzcfJpuPWH695yJrw=="],

    "@biomejs/cli-linux-x64-musl": ["@biomejs/cli-linux-x64-musl@2.4.8", "", { "os": "linux", "cpu": "x64" }, "sha512-Gi8quv8MEuDdKaPFtS2XjEnMqODPsRg6POT6KhoP+VrkNb+T2ywunVB+TvOU0LX1jAZzfBr+3V1mIbBhzAMKvw=="],

    "@biomejs/cli-win32-arm64": ["@biomejs/cli-win32-arm64@2.4.8", "", { "os": "win32", "cpu": "arm64" }, "sha512-LoFatS0tnHv6KkCVpIy3qZCih+MxUMvdYiPWLHRri7mhi2vyOOs8OrbZBcLTUEWCS+ktO72nZMy4F96oMhkOHQ=="],

    "@biomejs/cli-win32-x64": ["@biomejs/cli-win32-x64@2.4.8", "", { "os": "win32", "cpu": "x64" }, "sha512-vAn7iXDoUbqFXqVocuq1sMYAd33p8+mmurqJkWl6CtIhobd/O6moe4rY5AJvzbunn/qZCdiDVcveqtkFh1e7Hg=="],

    "@emnapi/core": ["@emnapi/core@1.9.1", "", { "dependencies": { "@emnapi/wasi-threads": "1.2.0", "tslib": "^2.4.0" } }, "sha512-mukuNALVsoix/w1BJwFzwXBN/dHeejQtuVzcDsfOEsdpCumXb/E9j8w11h5S54tT1xhifGfbbSm/ICrObRb3KA=="],

    "@emnapi/runtime": ["@emnapi/runtime@1.9.1", "", { "dependencies": { "tslib": "^2.4.0" } }, "sha512-VYi5+ZVLhpgK4hQ0TAjiQiZ6ol0oe4mBx7mVv7IflsiEp0OWoVsp/+f9Vc1hOhE0TtkORVrI1GvzyreqpgWtkA=="],

    "@emnapi/wasi-threads": ["@emnapi/wasi-threads@1.2.0", "", { "dependencies": { "tslib": "^2.4.0" } }, "sha512-N10dEJNSsUx41Z6pZsXU8FjPjpBEplgH24sfkmITrBED1/U2Esum9F3lfLrMjKHHjmi557zQn7kR9R+XWXu5Rg=="],

    "@isaacs/cliui": ["@isaacs/cliui@8.0.2", "", { "dependencies": { "string-width": "^5.1.2", "string-width-cjs": "npm:string-width@^4.2.0", "strip-ansi": "^7.0.1", "strip-ansi-cjs": "npm:strip-ansi@^6.0.1", "wrap-ansi": "^8.1.0", "wrap-ansi-cjs": "npm:wrap-ansi@^7.0.0" } }, "sha512-O8jcjabXaleOG9DQ0+ARXWZBTfnP4WNAqzuiJK7ll44AmxGKv/J2M4TPjxjY3znBCfvBXFzucm1twdyFybFqEA=="],

    "@napi-rs/wasm-runtime": ["@napi-rs/wasm-runtime@1.1.1", "", { "dependencies": { "@emnapi/core": "^1.7.1", "@emnapi/runtime": "^1.7.1", "@tybys/wasm-util": "^0.10.1" } }, "sha512-p64ah1M1ld8xjWv3qbvFwHiFVWrq1yFvV4f7w+mzaqiR4IlSgkqhcRdHwsGgomwzBH51sRY4NEowLxnaBjcW/A=="],

    "@oxc-project/types": ["@oxc-project/types@0.120.0", "", {}, "sha512-k1YNu55DuvAip/MGE1FTsIuU3FUCn6v/ujG9V7Nq5Df/kX2CWb13hhwD0lmJGMGqE+bE1MXvv9SZVnMzEXlWcg=="],

    "@pkgjs/parseargs": ["@pkgjs/parseargs@0.11.0", "", {}, "sha512-+1VkjdD0QBLPodGrJUeqarH8VAIvQODIbwh9XpP5Syisf7YoQgsJKPNFoqqLQlu+VQ/tVSshMR6loPMn8U+dPg=="],

    "@rolldown/binding-android-arm64": ["@rolldown/binding-android-arm64@1.0.0-rc.10", "", { "os": "android", "cpu": "arm64" }, "sha512-jOHxwXhxmFKuXztiu1ORieJeTbx5vrTkcOkkkn2d35726+iwhrY1w/+nYY/AGgF12thg33qC3R1LMBF5tHTZHg=="],

    "@rolldown/binding-darwin-arm64": ["@rolldown/binding-darwin-arm64@1.0.0-rc.10", "", { "os": "darwin", "cpu": "arm64" }, "sha512-gED05Teg/vtTZbIJBc4VNMAxAFDUPkuO/rAIyyxZjTj1a1/s6z5TII/5yMGZ0uLRCifEtwUQn8OlYzuYc0m70w=="],

    "@rolldown/binding-darwin-x64": ["@rolldown/binding-darwin-x64@1.0.0-rc.10", "", { "os": "darwin", "cpu": "x64" }, "sha512-rI15NcM1mA48lqrIxVkHfAqcyFLcQwyXWThy+BQ5+mkKKPvSO26ir+ZDp36AgYoYVkqvMcdS8zOE6SeBsR9e8A=="],

    "@rolldown/binding-freebsd-x64": ["@rolldown/binding-freebsd-x64@1.0.0-rc.10", "", { "os": "freebsd", "cpu": "x64" }, "sha512-XZRXHdTa+4ME1MuDVp021+doQ+z6Ei4CCFmNc5/sKbqb8YmkiJdj8QKlV3rCI0AJtAeSB5n0WGPuJWNL9p/L2w=="],

    "@rolldown/binding-linux-arm-gnueabihf": ["@rolldown/binding-linux-arm-gnueabihf@1.0.0-rc.10", "", { "os": "linux", "cpu": "arm" }, "sha512-R0SQMRluISSLzFE20sPWYHVmJdDQnRyc/FzSCN72BqQmh2SOZUFG+N3/vBZpR4C6WpEUVYJLrYUXaj43sJsNLA=="],

    "@rolldown/binding-linux-arm64-gnu": ["@rolldown/binding-linux-arm64-gnu@1.0.0-rc.10", "", { "os": "linux", "cpu": "arm64" }, "sha512-Y1reMrV/o+cwpduYhJuOE3OMKx32RMYCidf14y+HssARRmhDuWXJ4yVguDg2R/8SyyGNo+auzz64LnPK9Hq6jg=="],

    "@rolldown/binding-linux-arm64-musl": ["@rolldown/binding-linux-arm64-musl@1.0.0-rc.10", "", { "os": "linux", "cpu": "arm64" }, "sha512-vELN+HNb2IzuzSBUOD4NHmP9yrGwl1DVM29wlQvx1OLSclL0NgVWnVDKl/8tEks79EFek/kebQKnNJkIAA4W2g=="],

    "@rolldown/binding-linux-ppc64-gnu": ["@rolldown/binding-linux-ppc64-gnu@1.0.0-rc.10", "", { "os": "linux", "cpu": "ppc64" }, "sha512-ZqrufYTgzxbHwpqOjzSsb0UV/aV2TFIY5rP8HdsiPTv/CuAgCRjM6s9cYFwQ4CNH+hf9Y4erHW1GjZuZ7WoI7w=="],

    "@rolldown/binding-linux-s390x-gnu": ["@rolldown/binding-linux-s390x-gnu@1.0.0-rc.10", "", { "os": "linux", "cpu": "s390x" }, "sha512-gSlmVS1FZJSRicA6IyjoRoKAFK7IIHBs7xJuHRSmjImqk3mPPWbR7RhbnfH2G6bcmMEllCt2vQ/7u9e6bBnByg=="],

    "@rolldown/binding-linux-x64-gnu": ["@rolldown/binding-linux-x64-gnu@1.0.0-rc.10", "", { "os": "linux", "cpu": "x64" }, "sha512-eOCKUpluKgfObT2pHjztnaWEIbUabWzk3qPZ5PuacuPmr4+JtQG4k2vGTY0H15edaTnicgU428XW/IH6AimcQw=="],

    "@rolldown/binding-linux-x64-musl": ["@rolldown/binding-linux-x64-musl@1.0.0-rc.10", "", { "os": "linux", "cpu": "x64" }, "sha512-Xdf2jQbfQowJnLcgYfD/m0Uu0Qj5OdxKallD78/IPPfzaiaI4KRAwZzHcKQ4ig1gtg1SuzC7jovNiM2TzQsBXA=="],

    "@rolldown/binding-openharmony-arm64": ["@rolldown/binding-openharmony-arm64@1.0.0-rc.10", "", { "os": "none", "cpu": "arm64" }, "sha512-o1hYe8hLi1EY6jgPFyxQgQ1wcycX+qz8eEbVmot2hFkgUzPxy9+kF0u0NIQBeDq+Mko47AkaFFaChcvZa9UX9Q=="],

    "@rolldown/binding-wasm32-wasi": ["@rolldown/binding-wasm32-wasi@1.0.0-rc.10", "", { "dependencies": { "@napi-rs/wasm-runtime": "^1.1.1" }, "cpu": "none" }, "sha512-Ugv9o7qYJudqQO5Y5y2N2SOo6S4WiqiNOpuQyoPInnhVzCY+wi/GHltcLHypG9DEUYMB0iTB/huJrpadiAcNcA=="],

    "@rolldown/binding-win32-arm64-msvc": ["@rolldown/binding-win32-arm64-msvc@1.0.0-rc.10", "", { "os": "win32", "cpu": "arm64" }, "sha512-7UODQb4fQUNT/vmgDZBl3XOBAIOutP5R3O/rkxg0aLfEGQ4opbCgU5vOw/scPe4xOqBwL9fw7/RP1vAMZ6QlAQ=="],

    "@rolldown/binding-win32-x64-msvc": ["@rolldown/binding-win32-x64-msvc@1.0.0-rc.10", "", { "os": "win32", "cpu": "x64" }, "sha512-PYxKHMVHOb5NJuDL53vBUl1VwUjymDcYI6rzpIni0C9+9mTiJedvUxSk7/RPp7OOAm3v+EjgMu9bIy3N6b408w=="],

    "@rolldown/pluginutils": ["@rolldown/pluginutils@1.0.0-rc.10", "", {}, "sha512-UkVDEFk1w3mveXeKgaTuYfKWtPbvgck1dT8TUG3bnccrH0XtLTuAyfCoks4Q/M5ZGToSVJTIQYCzy2g/atAOeg=="],

    "@tybys/wasm-util": ["@tybys/wasm-util@0.10.1", "", { "dependencies": { "tslib": "^2.4.0" } }, "sha512-9tTaPJLSiejZKx+Bmog4uSubteqTvFrVrURwkmHixBo0G4seD0zUxp98E1DzUBJxLQ3NPwXrGKDiVjwx/DpPsg=="],

    "@types/bun": ["@types/bun@1.3.11", "", { "dependencies": { "bun-types": "1.3.11" } }, "sha512-5vPne5QvtpjGpsGYXiFyycfpDF2ECyPcTSsFBMa0fraoxiQyMJ3SmuQIGhzPg2WJuWxVBoxWJ2kClYTcw/4fAg=="],

    "@types/node": ["@types/node@25.5.0", "", { "dependencies": { "undici-types": "~7.18.0" } }, "sha512-jp2P3tQMSxWugkCUKLRPVUpGaL5MVFwF8RDuSRztfwgN1wmqJeMSbKlnEtQqU8UrhTmzEmZdu2I6v2dpp7XIxw=="],

    "ansi-regex": ["ansi-regex@6.2.2", "", {}, "sha512-Bq3SmSpyFHaWjPk8If9yc6svM8c56dB5BAtW4Qbw5jHTwwXXcTLoRMkpDJp6VL0XzlWaCHTXrkFURMYmD0sLqg=="],

    "ansi-styles": ["ansi-styles@6.2.3", "", {}, "sha512-4Dj6M28JB+oAH8kFkTLUo+a2jwOFkuqb3yucU0CANcRRUbxS0cP0nZYCGjcc3BNXwRIsUVmDGgzawme7zvJHvg=="],

    "asynckit": ["asynckit@0.4.0", "", {}, "sha512-Oei9OH4tRh0YqU3GxhX79dM/mwVgvbZJaSNaRk+bshkj0S5cfHcgYakreBjrHwatXKbz+IoIdYLxrKim2MjW0Q=="],

    "axios": ["axios@1.13.6", "", { "dependencies": { "follow-redirects": "^1.15.11", "form-data": "^4.0.5", "proxy-from-env": "^1.1.0" } }, "sha512-ChTCHMouEe2kn713WHbQGcuYrr6fXTBiu460OTwWrWob16g1bXn4vtz07Ope7ewMozJAnEquLk5lWQWtBig9DQ=="],

    "axios-proxy-builder": ["axios-proxy-builder@0.1.2", "", { "dependencies": { "tunnel": "^0.0.6" } }, "sha512-6uBVsBZzkB3tCC8iyx59mCjQckhB8+GQrI9Cop8eC7ybIsvs/KtnNgEBfRMSEa7GqK2VBGUzgjNYMdPIfotyPA=="],

    "balanced-match": ["balanced-match@1.0.2", "", {}, "sha512-3oSeUO0TMV67hN1AmbXsK4yaqU7tjiHlbxRDZOpH0KW9+CeX4bRAaX0Anxt0tx2MrpRpWwQaPwIlISEJhYU5Pw=="],

    "brace-expansion": ["brace-expansion@2.0.2", "", { "dependencies": { "balanced-match": "^1.0.0" } }, "sha512-Jt0vHyM+jmUBqojB7E1NIYadt0vI0Qxjxd2TErW94wDz+E2LAm5vKMXXwg6ZZBTHPuUlDgQHKXvjGBdfcF1ZDQ=="],

    "bun-types": ["bun-types@1.3.11", "", { "dependencies": { "@types/node": "*" } }, "sha512-1KGPpoxQWl9f6wcZh57LvrPIInQMn2TQ7jsgxqpRzg+l0QPOFvJVH7HmvHo/AiPgwXy+/Thf6Ov3EdVn1vOabg=="],

    "call-bind-apply-helpers": ["call-bind-apply-helpers@1.0.2", "", { "dependencies": { "es-errors": "^1.3.0", "function-bind": "^1.1.2" } }, "sha512-Sp1ablJ0ivDkSzjcaJdxEunN5/XvksFJ2sMBFfq6x0ryhQV/2b/KwFe21cMpmHtPOSij8K99/wSfoEuTObmuMQ=="],

    "color-convert": ["color-convert@2.0.1", "", { "dependencies": { "color-name": "~1.1.4" } }, "sha512-RRECPsj7iu/xb5oKYcsFHSppFNnsj/52OVTRKb4zP5onXwVF3zVmmToNcOfGC+CRDpfK/U584fMg38ZHCaElKQ=="],

    "color-name": ["color-name@1.1.4", "", {}, "sha512-dOy+3AuW3a2wNbZHIuMZpTcgjGuLU/uBL/ubcZF9OXbDo8ff4O8yVp5Bf0efS8uEoYo5q4Fx7dY9OgQGXgAsQA=="],

    "combined-stream": ["combined-stream@1.0.8", "", { "dependencies": { "delayed-stream": "~1.0.0" } }, "sha512-FQN4MRfuJeHf7cBbBMJFXhKSDq+2kAArBlmRBvcvFE5BB1HZKXtSFASDhdlz9zOYwxh8lDdnvmMOe/+5cdoEdg=="],

    "cross-spawn": ["cross-spawn@7.0.6", "", { "dependencies": { "path-key": "^3.1.0", "shebang-command": "^2.0.0", "which": "^2.0.1" } }, "sha512-uV2QOWP2nWzsy2aMp8aRibhi9dlzF5Hgh5SHaB9OiTGEyDTiJJyx0uy51QXdyWbtAHNua4XJzUKca3OzKUd3vA=="],

    "delayed-stream": ["delayed-stream@1.0.0", "", {}, "sha512-ZySD7Nf91aLB0RxL4KGrKHBXl7Eds1DAmEdcoVawXnLD7SDhpNgtuII2aAkg7a7QS41jxPSZ17p4VdGnMHk3MQ=="],

    "dunder-proto": ["dunder-proto@1.0.1", "", { "dependencies": { "call-bind-apply-helpers": "^1.0.1", "es-errors": "^1.3.0", "gopd": "^1.2.0" } }, "sha512-KIN/nDJBQRcXw0MLVhZE9iQHmG68qAVIBg9CqmUYjmQIhgij9U5MFvrqkUL5FbtyyzZuOeOt0zdeRe4UY7ct+A=="],

    "eastasianwidth": ["eastasianwidth@0.2.0", "", {}, "sha512-I88TYZWc9XiYHRQ4/3c5rjjfgkjhLyW2luGIheGERbNQ6OY7yTybanSpDXZa8y7VUP9YmDcYa+eyq4ca7iLqWA=="],

    "emoji-regex": ["emoji-regex@9.2.2", "", {}, "sha512-L18DaJsXSUk2+42pv8mLs5jJT2hqFkFE4j21wOmgbUqsZ2hL72NsUU785g9RXgo3s0ZNgVl42TiHp3ZtOv/Vyg=="],

    "es-define-property": ["es-define-property@1.0.1", "", {}, "sha512-e3nRfgfUZ4rNGL232gUgX06QNyyez04KdjFrF+LTRoOXmrOgFKDg4BCdsjW8EnT69eqdYGmRpJwiPVYNrCaW3g=="],

    "es-errors": ["es-errors@1.3.0", "", {}, "sha512-Zf5H2Kxt2xjTvbJvP2ZWLEICxA6j+hAmMzIlypy4xcBg1vKVnx89Wy0GbS+kf5cwCVFFzdCFh2XSCFNULS6csw=="],

    "es-object-atoms": ["es-object-atoms@1.1.1", "", { "dependencies": { "es-errors": "^1.3.0" } }, "sha512-FGgH2h8zKNim9ljj7dankFPcICIK9Cp5bm+c2gQSYePhpaG5+esrLODihIorn+Pe6FGJzWhXQotPv73jTaldXA=="],

    "es-set-tostringtag": ["es-set-tostringtag@2.1.0", "", { "dependencies": { "es-errors": "^1.3.0", "get-intrinsic": "^1.2.6", "has-tostringtag": "^1.0.2", "hasown": "^2.0.2" } }, "sha512-j6vWzfrGVfyXxge+O0x5sh6cvxAog0a/4Rdd2K36zCMV5eJ+/+tOAngRO8cODMNWbVRdVlmGZQL2YS3yR8bIUA=="],

    "follow-redirects": ["follow-redirects@1.15.11", "", {}, "sha512-deG2P0JfjrTxl50XGCDyfI97ZGVCxIpfKYmfyrQ54n5FO/0gfIES8C/Psl6kWVDolizcaaxZJnTS0QSMxvnsBQ=="],

    "foreground-child": ["foreground-child@3.3.1", "", { "dependencies": { "cross-spawn": "^7.0.6", "signal-exit": "^4.0.1" } }, "sha512-gIXjKqtFuWEgzFRJA9WCQeSJLZDjgJUOMCMzxtvFq/37KojM1BFGufqsCy0r4qSQmYLsZYMeyRqzIWOMup03sw=="],

    "form-data": ["form-data@4.0.5", "", { "dependencies": { "asynckit": "^0.4.0", "combined-stream": "^1.0.8", "es-set-tostringtag": "^2.1.0", "hasown": "^2.0.2", "mime-types": "^2.1.12" } }, "sha512-8RipRLol37bNs2bhoV67fiTEvdTrbMUYcFTiy3+wuuOnUog2QBHCZWXDRijWQfAkhBj2Uf5UnVaiWwA5vdd82w=="],

    "function-bind": ["function-bind@1.1.2", "", {}, "sha512-7XHNxH7qX9xG5mIwxkhumTox/MIRNcOgDrxWsMt2pAr23WHp6MrRlN7FBSFpCpr+oVO0F744iUgR82nJMfG2SA=="],

    "get-intrinsic": ["get-intrinsic@1.3.0", "", { "dependencies": { "call-bind-apply-helpers": "^1.0.2", "es-define-property": "^1.0.1", "es-errors": "^1.3.0", "es-object-atoms": "^1.1.1", "function-bind": "^1.1.2", "get-proto": "^1.0.1", "gopd": "^1.2.0", "has-symbols": "^1.1.0", "hasown": "^2.0.2", "math-intrinsics": "^1.1.0" } }, "sha512-9fSjSaos/fRIVIp+xSJlE6lfwhES7LNtKaCBIamHsjr2na1BiABJPo0mOjjz8GJDURarmCPGqaiVg5mfjb98CQ=="],

    "get-proto": ["get-proto@1.0.1", "", { "dependencies": { "dunder-proto": "^1.0.1", "es-object-atoms": "^1.0.0" } }, "sha512-sTSfBjoXBp89JvIKIefqw7U2CCebsc74kiY6awiGogKtoSGbgjYE/G/+l9sF3MWFPNc9IcoOC4ODfKHfxFmp0g=="],

    "glob": ["glob@10.5.0", "", { "dependencies": { "foreground-child": "^3.1.0", "jackspeak": "^3.1.2", "minimatch": "^9.0.4", "minipass": "^7.1.2", "package-json-from-dist": "^1.0.0", "path-scurry": "^1.11.1" }, "bin": { "glob": "dist/esm/bin.mjs" } }, "sha512-DfXN8DfhJ7NH3Oe7cFmu3NCu1wKbkReJ8TorzSAFbSKrlNaQSKfIzqYqVY8zlbs2NLBbWpRiU52GX2PbaBVNkg=="],

    "gopd": ["gopd@1.2.0", "", {}, "sha512-ZUKRh6/kUFoAiTAtTYPZJ3hw9wNxx+BIBOijnlG9PnrJsCcSjs1wyyD6vJpaYtgnzDrKYRSqf3OO6Rfa93xsRg=="],

    "has-symbols": ["has-symbols@1.1.0", "", {}, "sha512-1cDNdwJ2Jaohmb3sg4OmKaMBwuC48sYni5HUw2DvsC8LjGTLK9h+eb1X6RyuOHe4hT0ULCW68iomhjUoKUqlPQ=="],

    "has-tostringtag": ["has-tostringtag@1.0.2", "", { "dependencies": { "has-symbols": "^1.0.3" } }, "sha512-NqADB8VjPFLM2V0VvHUewwwsw0ZWBaIdgo+ieHtK3hasLz4qeCRjYcqfB6AQrBggRKppKF8L52/VqdVsO47Dlw=="],

    "hasown": ["hasown@2.0.2", "", { "dependencies": { "function-bind": "^1.1.2" } }, "sha512-0hJU9SCPvmMzIBdZFqNPXWa6dqh7WdH0cII9y+CyS8rG3nL48Bclra9HmKhVVUHyPWNH5Y7xDwAB7bfgSjkUMQ=="],

    "is-fullwidth-code-point": ["is-fullwidth-code-point@3.0.0", "", {}, "sha512-zymm5+u+sCsSWyD9qNaejV3DFvhCKclKdizYaJUuHA83RLjb7nSuGnddCHGv0hk+KY7BMAlsWeK4Ueg6EV6XQg=="],

    "isexe": ["isexe@2.0.0", "", {}, "sha512-RHxMLp9lnKHGHRng9QFhRCMbYAcVpn69smSGcq3f36xjgVVWThj4qqLbTLlq7Ssj8B+fIQ1EuCEGI2lKsyQeIw=="],

    "jackspeak": ["jackspeak@3.4.3", "", { "dependencies": { "@isaacs/cliui": "^8.0.2" }, "optionalDependencies": { "@pkgjs/parseargs": "^0.11.0" } }, "sha512-OGlZQpz2yfahA/Rd1Y8Cd9SIEsqvXkLVoSw/cgwhnhFMDbsQFeZYoJJ7bIZBS9BcamUW96asq/npPWugM+RQBw=="],

    "lru-cache": ["lru-cache@10.4.3", "", {}, "sha512-JNAzZcXrCt42VGLuYz0zfAzDfAvJWW6AfYlDBQyDV5DClI2m5sAmK+OIO7s59XfsRsWHp02jAJrRadPRGTt6SQ=="],

    "math-intrinsics": ["math-intrinsics@1.1.0", "", {}, "sha512-/IXtbwEk5HTPyEwyKX6hGkYXxM9nbj64B+ilVJnC/R6B0pH5G4V3b0pVbL7DBj4tkhBAppbQUlf6F6Xl9LHu1g=="],

    "mime-db": ["mime-db@1.52.0", "", {}, "sha512-sPU4uV7dYlvtWJxwwxHD0PuihVNiE7TyAbQ5SWxDCB9mUYvOgroQOwYQQOKPJ8CIbE+1ETVlOoK1UC2nU3gYvg=="],

    "mime-types": ["mime-types@2.1.35", "", { "dependencies": { "mime-db": "1.52.0" } }, "sha512-ZDY+bPm5zTTF+YpCrAU9nK0UgICYPT0QtT1NZWFv4s++TNkcgVaT0g6+4R2uI4MjQjzysHB1zxuWL50hzaeXiw=="],

    "minimatch": ["minimatch@9.0.9", "", { "dependencies": { "brace-expansion": "^2.0.2" } }, "sha512-OBwBN9AL4dqmETlpS2zasx+vTeWclWzkblfZk7KTA5j3jeOONz/tRCnZomUyvNg83wL5Zv9Ss6HMJXAgL8R2Yg=="],

    "minipass": ["minipass@7.1.3", "", {}, "sha512-tEBHqDnIoM/1rXME1zgka9g6Q2lcoCkxHLuc7ODJ5BxbP5d4c2Z5cGgtXAku59200Cx7diuHTOYfSBD8n6mm8A=="],

    "package-json-from-dist": ["package-json-from-dist@1.0.1", "", {}, "sha512-UEZIS3/by4OC8vL3P2dTXRETpebLI2NiI5vIrjaD/5UtrkFX/tNbwjTSRAGC/+7CAo2pIcBaRgWmcBBHcsaCIw=="],

    "path-key": ["path-key@3.1.1", "", {}, "sha512-ojmeN0qd+y0jszEtoY48r0Peq5dwMEkIlCOu6Q5f41lfkswXuKtYrhgoTpLnyIcHm24Uhqx+5Tqm2InSwLhE6Q=="],

    "path-scurry": ["path-scurry@1.11.1", "", { "dependencies": { "lru-cache": "^10.2.0", "minipass": "^5.0.0 || ^6.0.2 || ^7.0.0" } }, "sha512-Xa4Nw17FS9ApQFJ9umLiJS4orGjm7ZzwUrwamcGQuHSzDyth9boKDaycYdDcZDuqYATXw4HFXgaqWTctW/v1HA=="],

    "proxy-from-env": ["proxy-from-env@1.1.0", "", {}, "sha512-D+zkORCbA9f1tdWRK0RaCR3GPv50cMxcrz4X8k5LTSUD1Dkw47mKJEZQNunItRTkWwgtaUSo1RVFRIG9ZXiFYg=="],

    "rimraf": ["rimraf@5.0.10", "", { "dependencies": { "glob": "^10.3.7" }, "bin": { "rimraf": "dist/esm/bin.mjs" } }, "sha512-l0OE8wL34P4nJH/H2ffoaniAokM2qSmrtXHmlpvYr5AVVX8msAyW0l8NVJFDxlSK4u3Uh/f41cQheDVdnYijwQ=="],

    "rolldown": ["rolldown@1.0.0-rc.10", "", { "dependencies": { "@oxc-project/types": "=0.120.0", "@rolldown/pluginutils": "1.0.0-rc.10" }, "optionalDependencies": { "@rolldown/binding-android-arm64": "1.0.0-rc.10", "@rolldown/binding-darwin-arm64": "1.0.0-rc.10", "@rolldown/binding-darwin-x64": "1.0.0-rc.10", "@rolldown/binding-freebsd-x64": "1.0.0-rc.10", "@rolldown/binding-linux-arm-gnueabihf": "1.0.0-rc.10", "@rolldown/binding-linux-arm64-gnu": "1.0.0-rc.10", "@rolldown/binding-linux-arm64-musl": "1.0.0-rc.10", "@rolldown/binding-linux-ppc64-gnu": "1.0.0-rc.10", "@rolldown/binding-linux-s390x-gnu": "1.0.0-rc.10", "@rolldown/binding-linux-x64-gnu": "1.0.0-rc.10", "@rolldown/binding-linux-x64-musl": "1.0.0-rc.10", "@rolldown/binding-openharmony-arm64": "1.0.0-rc.10", "@rolldown/binding-wasm32-wasi": "1.0.0-rc.10", "@rolldown/binding-win32-arm64-msvc": "1.0.0-rc.10", "@rolldown/binding-win32-x64-msvc": "1.0.0-rc.10" }, "bin": { "rolldown": "bin/cli.mjs" } }, "sha512-q7j6vvarRFmKpgJUT8HCAUljkgzEp4LAhPlJUvQhA5LA1SUL36s5QCysMutErzL3EbNOZOkoziSx9iZC4FddKA=="],

    "sax": ["sax@1.6.0", "", {}, "sha512-6R3J5M4AcbtLUdZmRv2SygeVaM7IhrLXu9BmnOGmmACak8fiUtOsYNWUS4uK7upbmHIBbLBeFeI//477BKLBzA=="],

    "serverless": ["serverless@4.33.0", "", { "dependencies": { "axios": "^1.13.5", "axios-proxy-builder": "^0.1.2", "rimraf": "^5.0.10", "xml2js": "0.6.2" }, "bin": { "serverless": "run.js", "sls": "run.js" } }, "sha512-2c8KKsxDfV4QxnJF4D653mQ/bTHgxjd01LKmBRIBqvqdZu/7PngwUSMi2bOybFx818Z1UuzahAldW3kYASBmEg=="],

    "shebang-command": ["shebang-command@2.0.0", "", { "dependencies": { "shebang-regex": "^3.0.0" } }, "sha512-kHxr2zZpYtdmrN1qDjrrX/Z1rR1kG8Dx+gkpK1G4eXmvXswmcE1hTWBWYUzlraYw1/yZp6YuDY77YtvbN0dmDA=="],

    "shebang-regex": ["shebang-regex@3.0.0", "", {}, "sha512-7++dFhtcx3353uBaq8DDR4NuxBetBzC7ZQOhmTQInHEd6bSrXdiEyzCvG07Z44UYdLShWUyXt5M/yhz8ekcb1A=="],

    "signal-exit": ["signal-exit@4.1.0", "", {}, "sha512-bzyZ1e88w9O1iNJbKnOlvYTrWPDl46O1bG0D3XInv+9tkPrxrN8jUUTiFlDkkmKWgn1M6CfIA13SuGqOa9Korw=="],

    "string-width": ["string-width@5.1.2", "", { "dependencies": { "eastasianwidth": "^0.2.0", "emoji-regex": "^9.2.2", "strip-ansi": "^7.0.1" } }, "sha512-HnLOCR3vjcY8beoNLtcjZ5/nxn2afmME6lhrDrebokqMap+XbeW8n9TXpPDOqdGK5qcI3oT0GKTW6wC7EMiVqA=="],

    "string-width-cjs": ["string-width@4.2.3", "", { "dependencies": { "emoji-regex": "^8.0.0", "is-fullwidth-code-point": "^3.0.0", "strip-ansi": "^6.0.1" } }, "sha512-wKyQRQpjJ0sIp62ErSZdGsjMJWsap5oRNihHhu6G7JVO/9jIB6UyevL+tXuOqrng8j/cxKTWyWUwvSTriiZz/g=="],

    "strip-ansi": ["strip-ansi@7.2.0", "", { "dependencies": { "ansi-regex": "^6.2.2" } }, "sha512-yDPMNjp4WyfYBkHnjIRLfca1i6KMyGCtsVgoKe/z1+6vukgaENdgGBZt+ZmKPc4gavvEZ5OgHfHdrazhgNyG7w=="],

    "strip-ansi-cjs": ["strip-ansi@6.0.1", "", { "dependencies": { "ansi-regex": "^5.0.1" } }, "sha512-Y38VPSHcqkFrCpFnQ9vuSXmquuv5oXOKpGeT6aGrr3o3Gc9AlVa6JBfUSOCnbxGGZF+/0ooI7KrPuUSztUdU5A=="],

    "tslib": ["tslib@2.8.1", "", {}, "sha512-oJFu94HQb+KVduSUQL7wnpmqnfmLsOA/nAh6b6EH0wCEoK0/mPeXU6c3wKDV83MkOuHPRHtSXKKU99IBazS/2w=="],

    "tunnel": ["tunnel@0.0.6", "", {}, "sha512-1h/Lnq9yajKY2PEbBadPXj3VxsDDu844OnaAo52UVmIzIvwwtBPIuNvkjuzBlTWpfJyUbG3ez0KSBibQkj4ojg=="],

    "typescript": ["typescript@5.9.3", "", { "bin": { "tsc": "bin/tsc", "tsserver": "bin/tsserver" } }, "sha512-jl1vZzPDinLr9eUt3J/t7V6FgNEw9QjvBPdysz9KfQDD41fQrC2Y4vKQdiaUpFT4bXlb1RHhLpp8wtm6M5TgSw=="],

    "undici-types": ["undici-types@7.18.2", "", {}, "sha512-AsuCzffGHJybSaRrmr5eHr81mwJU3kjw6M+uprWvCXiNeN9SOGwQ3Jn8jb8m3Z6izVgknn1R0FTCEAP2QrLY/w=="],

    "which": ["which@2.0.2", "", { "dependencies": { "isexe": "^2.0.0" }, "bin": { "node-which": "./bin/node-which" } }, "sha512-BLI3Tl1TW3Pvl70l3yq3Y64i+awpwXqsGBYWkkqMtnbXgrMD+yj7rhW0kuEDxzJaYXGjEW5ogapKNMEKNMjibA=="],

    "wrap-ansi": ["wrap-ansi@8.1.0", "", { "dependencies": { "ansi-styles": "^6.1.0", "string-width": "^5.0.1", "strip-ansi": "^7.0.1" } }, "sha512-si7QWI6zUMq56bESFvagtmzMdGOtoxfR+Sez11Mobfc7tm+VkUckk9bW2UeffTGVUbOksxmSw0AA2gs8g71NCQ=="],

    "wrap-ansi-cjs": ["wrap-ansi@7.0.0", "", { "dependencies": { "ansi-styles": "^4.0.0", "string-width": "^4.1.0", "strip-ansi": "^6.0.0" } }, "sha512-YVGIj2kamLSTxw6NsZjoBxfSwsn0ycdesmc4p+Q21c5zPuZ1pl+NfxVdxPtdHvmNVOQ6XSYG4AUtyt/Fi7D16Q=="],

    "xml2js": ["xml2js@0.6.2", "", { "dependencies": { "sax": ">=0.6.0", "xmlbuilder": "~11.0.0" } }, "sha512-T4rieHaC1EXcES0Kxxj4JWgaUQHDk+qwHcYOCFHfiwKz7tOVPLq7Hjq9dM1WCMhylqMEfP7hMcOIChvotiZegA=="],

    "xmlbuilder": ["xmlbuilder@11.0.1", "", {}, "sha512-fDlsI/kFEx7gLvbecc0/ohLG50fugQp8ryHzMTuW9vSa1GJ0XYWKnhsUx7oie3G98+r56aTQIUB4kht42R3JvA=="],

    "string-width-cjs/emoji-regex": ["emoji-regex@8.0.0", "", {}, "sha512-MSjYzcWNOA0ewAHpz0MxpYFvwg6yjy1NG3xteoqz644VCo/RPgnr1/GGt+ic3iJTzQ8Eu3TdM14SawnVUmGE6A=="],

    "string-width-cjs/strip-ansi": ["strip-ansi@6.0.1", "", { "dependencies": { "ansi-regex": "^5.0.1" } }, "sha512-Y38VPSHcqkFrCpFnQ9vuSXmquuv5oXOKpGeT6aGrr3o3Gc9AlVa6JBfUSOCnbxGGZF+/0ooI7KrPuUSztUdU5A=="],

    "strip-ansi-cjs/ansi-regex": ["ansi-regex@5.0.1", "", {}, "sha512-quJQXlTSUGL2LH9SUXo8VwsY4soanhgo6LNSm84E1LBcE8s3O0wpdiRzyR9z/ZZJMlMWv37qOOb9pdJlMUEKFQ=="],

    "wrap-ansi-cjs/ansi-styles": ["ansi-styles@4.3.0", "", { "dependencies": { "color-convert": "^2.0.1" } }, "sha512-zbB9rCJAT1rbjiVDb2hqKFHNYLxgtk8NURxZ3IZwD3F6NtxbXZQCnnSi1Lkx+IDohdPlFp222wVALIheZJQSEg=="],

    "wrap-ansi-cjs/string-width": ["string-width@4.2.3", "", { "dependencies": { "emoji-regex": "^8.0.0", "is-fullwidth-code-point": "^3.0.0", "strip-ansi": "^6.0.1" } }, "sha512-wKyQRQpjJ0sIp62ErSZdGsjMJWsap5oRNihHhu6G7JVO/9jIB6UyevL+tXuOqrng8j/cxKTWyWUwvSTriiZz/g=="],

    "wrap-ansi-cjs/strip-ansi": ["strip-ansi@6.0.1", "", { "dependencies": { "ansi-regex": "^5.0.1" } }, "sha512-Y38VPSHcqkFrCpFnQ9vuSXmquuv5oXOKpGeT6aGrr3o3Gc9AlVa6JBfUSOCnbxGGZF+/0ooI7KrPuUSztUdU5A=="],

    "string-width-cjs/strip-ansi/ansi-regex": ["ansi-regex@5.0.1", "", {}, "sha512-quJQXlTSUGL2LH9SUXo8VwsY4soanhgo6LNSm84E1LBcE8s3O0wpdiRzyR9z/ZZJMlMWv37qOOb9pdJlMUEKFQ=="],

    "wrap-ansi-cjs/string-width/emoji-regex": ["emoji-regex@8.0.0", "", {}, "sha512-MSjYzcWNOA0ewAHpz0MxpYFvwg6yjy1NG3xteoqz644VCo/RPgnr1/GGt+ic3iJTzQ8Eu3TdM14SawnVUmGE6A=="],

    "wrap-ansi-cjs/strip-ansi/ansi-regex": ["ansi-regex@5.0.1", "", {}, "sha512-quJQXlTSUGL2LH9SUXo8VwsY4soanhgo6LNSm84E1LBcE8s3O0wpdiRzyR9z/ZZJMlMWv37qOOb9pdJlMUEKFQ=="],
  }
}
